
Microsoft Visual Studio Solution File, Format Version 12.00
# Visual Studio Version 16
VisualStudioVersion = 16.0.31313.79
MinimumVisualStudioVersion = 10.0.40219.1
Project("{9A19103F-16F7-4668-BE54-9A1E7A4F7556}") = "ModLibsEntityGroups", "ModLibsEntityGroups\ModLibsEntityGroups.csproj", "{E5FC728D-FFD4-4122-B812-E361FE30CEFE}"
EndProject
Global
	GlobalSection(SolutionConfigurationPlatforms) = preSolution
		Debug|Any CPU = Debug|Any CPU
		Release|Any CPU = Release|Any CPU
	EndGlobalSection
	GlobalSection(ProjectConfigurationPlatforms) = postSolution
		{E5FC728D-FFD4-4122-B812-E361FE30CEFE}.Debug|Any CPU.ActiveCfg = Debug|Any CPU
		{E5FC728D-FFD4-4122-B812-E361FE30CEFE}.Debug|Any CPU.Build.0 = Debug|Any CPU
		{E5FC728D-FFD4-4122-B812-E361FE30CEFE}.Release|Any CPU.ActiveCfg = Release|Any CPU
		{E5FC728D-FFD4-4122-B812-E361FE30CEFE}.Release|Any CPU.Build.0 = Release|Any CPU
	EndGlobalSection
	GlobalSection(SolutionProperties) = preSolution
		HideSolutionNode = FALSE
	EndGlobalSection
	GlobalSection(ExtensibilityGlobals) = postSolution
		SolutionGuid = {6E0269CD-B2FD-45A8-9CE3-03CA38F3DCA9}
	EndGlobalSection
EndGlobal
